{
    "_readme": [
        "This file locks the dependencies of your project to a known state",
        "Read more about it at https://getcomposer.org/doc/01-basic-usage.md#installing-dependencies",
        "This file is @generated automatically"
    ],
    "content-hash": "da6664cab8b85c237cbb3f1bc30f7c3d",
    "packages": [
        {
            "name": "funiq/geophp",
            "version": "v2.0.1",
            "source": {
                "type": "git",
                "url": "https://github.com/funiq/geoPHP.git",
                "reference": "36a7c20754b648d6943951af3024ec75e7ff78b2"
            },
            "dist": {
                "type": "zip",
                "url": "https://api.github.com/repos/funiq/geoPHP/zipball/36a7c20754b648d6943951af3024ec75e7ff78b2",
                "reference": "36a7c20754b648d6943951af3024ec75e7ff78b2",
                "shasum": ""
            },
            "require": {
                "php": "5.5 - 8.0"
            },
            "require-dev": {
                "php": "5.5 - 8.1",
                "php-coveralls/php-coveralls": "2.*",
                "phpstan/phpstan": "^0.12.18",
                "phpunit/phpunit": "5.* || 8.*",
                "squizlabs/php_codesniffer": "3.*"
            },
            "suggest": {
                "ext-geos": "GEOS allows more advanced operations"
            },
            "type": "library",
            "autoload": {
                "psr-4": {
                    "geoPHP\\": "src/"
                }
            },
            "notification-url": "https://packagist.org/downloads/",
            "license": [
                "GPL-2.0-or-later",
                "BSD-3-Clause"
            ],
            "authors": [
                {
                    "name": "Patrick Hayes",
                    "role": "Original creator"
                },
                {
                    "name": "Péter Báthory",
                    "role": "Developer"
                }
            ],
            "description": "Open-source native PHP library for doing geometry operations. Can read and write a wide variety of formats: (E)WKT, (E)WKB, TWKB, GeoJSON, KML, GPX, GeoRSS. Works with all Simple-Feature geometries (Point, LineString, Polygon...) and can be used to get centroids, bounding-boxes, area, etc.",
            "homepage": "https://github.com/funiq/geoPHP",
            "keywords": [
                "Polygon",
                "converter",
                "geoPHP",
                "geojson",
                "geometry",
                "gis",
                "gpx",
                "kml",
                "linestring",
                "twkb",
                "wkb",
                "wkt"
            ],
            "support": {
                "issues": "https://github.com/funiq/geoPHP/issues",
                "source": "https://github.com/funiq/geoPHP/tree/v2.0.1"
            },
            "time": "2022-07-08T14:56:59+00:00"
        }
    ],
    "packages-dev": [],
    "aliases": [],
    "minimum-stability": "stable",
    "stability-flags": [],
    "prefer-stable": false,
    "prefer-lowest": false,
    "platform": {
        "php": ">=7.4"
    },
    "platform-dev": [],
    "platform-overrides": {
        "php": "8.0"
    },
    "plugin-api-version": "2.2.0"
}
